
Microsoft Visual Studio Solution File, Format Version 12.00
# Visual Studio Version 17
VisualStudioVersion = 17.11.35219.272
MinimumVisualStudioVersion = 10.0.40219.1
Project("{9A19103F-16F7-4668-BE54-9A1E7A4F7556}") = "Server", "Server\Server.csproj", "{DB37CC03-7F65-4037-AF92-2BC70E3721D7}"
EndProject
Project("{9A19103F-16F7-4668-BE54-9A1E7A4F7556}") = "ServerLibrary", "ServerLibrary\ServerLibrary.csproj", "{99607005-41D2-447B-909B-4120A3B37B90}"
EndProject
Project("{9A19103F-16F7-4668-BE54-9A1E7A4F7556}") = "ClientLibrary", "ClientLibrary\ClientLibrary.csproj", "{79EEC486-E068-4E79-A743-E235BB1DE856}"
EndProject
Project("{9A19103F-16F7-4668-BE54-9A1E7A4F7556}") = "ClientApp", "ClientApp\ClientApp.csproj", "{EBFD321C-13BC-468B-9B57-338104E32F4E}"
EndProject
Project("{2150E333-8FDC-42A3-9474-1A3956D46DE8}") = "Solution Items", "Solution Items", "{BDCE5124-FE27-4C83-9E08-BC42DDA6DB93}"
	ProjectSection(SolutionItems) = preProject
		data.sql = data.sql
	EndProjectSection
EndProject
Global
	GlobalSection(SolutionConfigurationPlatforms) = preSolution
		Debug|Any CPU = Debug|Any CPU
		Release|Any CPU = Release|Any CPU
	EndGlobalSection
	GlobalSection(ProjectConfigurationPlatforms) = postSolution
		{DB37CC03-7F65-4037-AF92-2BC70E3721D7}.Debug|Any CPU.ActiveCfg = Debug|Any CPU
		{DB37CC03-7F65-4037-AF92-2BC70E3721D7}.Debug|Any CPU.Build.0 = Debug|Any CPU
		{DB37CC03-7F65-4037-AF92-2BC70E3721D7}.Release|Any CPU.ActiveCfg = Release|Any CPU
		{DB37CC03-7F65-4037-AF92-2BC70E3721D7}.Release|Any CPU.Build.0 = Release|Any CPU
		{99607005-41D2-447B-909B-4120A3B37B90}.Debug|Any CPU.ActiveCfg = Debug|Any CPU
		{99607005-41D2-447B-909B-4120A3B37B90}.Debug|Any CPU.Build.0 = Debug|Any CPU
		{99607005-41D2-447B-909B-4120A3B37B90}.Release|Any CPU.ActiveCfg = Release|Any CPU
		{99607005-41D2-447B-909B-4120A3B37B90}.Release|Any CPU.Build.0 = Release|Any CPU
		{79EEC486-E068-4E79-A743-E235BB1DE856}.Debug|Any CPU.ActiveCfg = Debug|Any CPU
		{79EEC486-E068-4E79-A743-E235BB1DE856}.Debug|Any CPU.Build.0 = Debug|Any CPU
		{79EEC486-E068-4E79-A743-E235BB1DE856}.Release|Any CPU.ActiveCfg = Release|Any CPU
		{79EEC486-E068-4E79-A743-E235BB1DE856}.Release|Any CPU.Build.0 = Release|Any CPU
		{EBFD321C-13BC-468B-9B57-338104E32F4E}.Debug|Any CPU.ActiveCfg = Debug|Any CPU
		{EBFD321C-13BC-468B-9B57-338104E32F4E}.Debug|Any CPU.Build.0 = Debug|Any CPU
		{EBFD321C-13BC-468B-9B57-338104E32F4E}.Release|Any CPU.ActiveCfg = Release|Any CPU
		{EBFD321C-13BC-468B-9B57-338104E32F4E}.Release|Any CPU.Build.0 = Release|Any CPU
	EndGlobalSection
	GlobalSection(SolutionProperties) = preSolution
		HideSolutionNode = FALSE
	EndGlobalSection
	GlobalSection(ExtensibilityGlobals) = postSolution
		SolutionGuid = {2AFF3A40-DE6F-4373-A54F-734FFC1FD64F}
	EndGlobalSection
EndGlobal
